
Microsoft Visual Studio Solution File, Format Version 12.00
# Visual Studio Version 16
VisualStudioVersion = 16.0.29215.179
MinimumVisualStudioVersion = 10.0.40219.1
Project("{9A19103F-16F7-4668-BE54-9A1E7A4F7556}") = "CsharpConsoleAppLessons", "CsharpConsoleAppLessons.csproj", "{2A4B6ABE-C1AA-4D8D-9245-69446BB33C3C}"
EndProject
Global
	GlobalSection(SolutionConfigurationPlatforms) = preSolution
		Debug|Any CPU = Debug|Any CPU
		Release|Any CPU = Release|Any CPU
	EndGlobalSection
	GlobalSection(ProjectConfigurationPlatforms) = postSolution
		{2A4B6ABE-C1AA-4D8D-9245-69446BB33C3C}.Debug|Any CPU.ActiveCfg = Debug|Any CPU
		{2A4B6ABE-C1AA-4D8D-9245-69446BB33C3C}.Debug|Any CPU.Build.0 = Debug|Any CPU
		{2A4B6ABE-C1AA-4D8D-9245-69446BB33C3C}.Release|Any CPU.ActiveCfg = Release|Any CPU
		{2A4B6ABE-C1AA-4D8D-9245-69446BB33C3C}.Release|Any CPU.Build.0 = Release|Any CPU
	EndGlobalSection
	GlobalSection(SolutionProperties) = preSolution
		HideSolutionNode = FALSE
	EndGlobalSection
	GlobalSection(ExtensibilityGlobals) = postSolution
		SolutionGuid = {3F8666F7-7B8F-4FBF-8047-AA63E053160D}
	EndGlobalSection
EndGlobal
